// !$*UTF8*$!
{
	archiveVersion = 1;
	classes = {
	};
	objectVersion = 56;
	objects = {

/* Begin PBXBuildFile section */
		631A573628F520EE00D81465 /* ChecklistDocument.swift in Sources */ = {isa = PBXBuildFile; fileRef = 631A573528F520EE00D81465 /* ChecklistDocument.swift */; };
		631A573828F5214700D81465 /* Checklist.swift in Sources */ = {isa = PBXBuildFile; fileRef = 631A573728F5214700D81465 /* Checklist.swift */; };
		631A573A28F522F600D81465 /* ChecklistRow.swift in Sources */ = {isa = PBXBuildFile; fileRef = 631A573928F522F600D81465 /* ChecklistRow.swift */; };
		631A573C28F9189F00D81465 /* UserDefaultManager.swift in Sources */ = {isa = PBXBuildFile; fileRef = 631A573B28F9189F00D81465 /* UserDefaultManager.swift */; };
		6386E27A28EE798C00800463 /* LearningTabApp.swift in Sources */ = {isa = PBXBuildFile; fileRef = 6386E27928EE798C00800463 /* LearningTabApp.swift */; };
		6386E27C28EE798C00800463 /* ContentView.swift in Sources */ = {isa = PBXBuildFile; fileRef = 6386E27B28EE798C00800463 /* ContentView.swift */; };
		6386E27E28EE798D00800463 /* Assets.xcassets in Resources */ = {isa = PBXBuildFile; fileRef = 6386E27D28EE798D00800463 /* Assets.xcassets */; };
		6386E28128EE798D00800463 /* Preview Assets.xcassets in Resources */ = {isa = PBXBuildFile; fileRef = 6386E28028EE798D00800463 /* Preview Assets.xcassets */; };
		6386E28828F284E800800463 /* PopUpView.swift in Sources */ = {isa = PBXBuildFile; fileRef = 6386E28728F284E800800463 /* PopUpView.swift */; };
/* End PBXBuildFile section */

/* Begin PBXFileReference section */
		631A573528F520EE00D81465 /* ChecklistDocument.swift */ = {isa = PBXFileReference; lastKnownFileType = sourcecode.swift; path = ChecklistDocument.swift; sourceTree = "<group>"; };
		631A573728F5214700D81465 /* Checklist.swift */ = {isa = PBXFileReference; lastKnownFileType = sourcecode.swift; path = Checklist.swift; sourceTree = "<group>"; };
		631A573928F522F600D81465 /* ChecklistRow.swift */ = {isa = PBXFileReference; lastKnownFileType = sourcecode.swift; path = ChecklistRow.swift; sourceTree = "<group>"; };
		631A573B28F9189F00D81465 /* UserDefaultManager.swift */ = {isa = PBXFileReference; lastKnownFileType = sourcecode.swift; path = UserDefaultManager.swift; sourceTree = "<group>"; };
		6386E27628EE798C00800463 /* LearningTab.app */ = {isa = PBXFileReference; explicitFileType = wrapper.application; includeInIndex = 0; path = LearningTab.app; sourceTree = BUILT_PRODUCTS_DIR; };
		6386E27928EE798C00800463 /* LearningTabApp.swift */ = {isa = PBXFileReference; lastKnownFileType = sourcecode.swift; path = LearningTabApp.swift; sourceTree = "<group>"; };
		6386E27B28EE798C00800463 /* ContentView.swift */ = {isa = PBXFileReference; lastKnownFileType = sourcecode.swift; path = ContentView.swift; sourceTree = "<group>"; };
		6386E27D28EE798D00800463 /* Assets.xcassets */ = {isa = PBXFileReference; lastKnownFileType = folder.assetcatalog; path = Assets.xcassets; sourceTree = "<group>"; };
		6386E28028EE798D00800463 /* Preview Assets.xcassets */ = {isa = PBXFileReference; lastKnownFileType = folder.assetcatalog; path = "Preview Assets.xcassets"; sourceTree = "<group>"; };
		6386E28728F284E800800463 /* PopUpView.swift */ = {isa = PBXFileReference; lastKnownFileType = sourcecode.swift; path = PopUpView.swift; sourceTree = "<group>"; };
/* End PBXFileReference section */

/* Begin PBXFrameworksBuildPhase section */
		6386E27328EE798C00800463 /* Frameworks */ = {
			isa = PBXFrameworksBuildPhase;
			buildActionMask = 2147483647;
			files = (
			);
			runOnlyForDeploymentPostprocessing = 0;
		};
/* End PBXFrameworksBuildPhase section */

/* Begin PBXGroup section */
		6386E26D28EE798C00800463 = {
			isa = PBXGroup;
			children = (
				6386E27828EE798C00800463 /* LearningTab */,
				6386E27728EE798C00800463 /* Products */,
			);
			sourceTree = "<group>";
		};
		6386E27728EE798C00800463 /* Products */ = {
			isa = PBXGroup;
			children = (
				6386E27628EE798C00800463 /* LearningTab.app */,
			);
			name = Products;
			sourceTree = "<group>";
		};
		6386E27828EE798C00800463 /* LearningTab */ = {
			isa = PBXGroup;
			children = (
				6386E27928EE798C00800463 /* LearningTabApp.swift */,
				6386E27B28EE798C00800463 /* ContentView.swift */,
				6386E27D28EE798D00800463 /* Assets.xcassets */,
				6386E27F28EE798D00800463 /* Preview Content */,
				6386E28728F284E800800463 /* PopUpView.swift */,
				631A573B28F9189F00D81465 /* UserDefaultManager.swift */,
				631A573528F520EE00D81465 /* ChecklistDocument.swift */,
				631A573728F5214700D81465 /* Checklist.swift */,
				631A573928F522F600D81465 /* ChecklistRow.swift */,
			);
			path = LearningTab;
			sourceTree = "<group>";
		};
		6386E27F28EE798D00800463 /* Preview Content */ = {
			isa = PBXGroup;
			children = (
				6386E28028EE798D00800463 /* Preview Assets.xcassets */,
			);
			path = "Preview Content";
			sourceTree = "<group>";
		};
/* End PBXGroup section */

/* Begin PBXNativeTarget section */
		6386E27528EE798C00800463 /* LearningTab */ = {
			isa = PBXNativeTarget;
			buildConfigurationList = 6386E28428EE798D00800463 /* Build configuration list for PBXNativeTarget "LearningTab" */;
			buildPhases = (
				6386E27228EE798C00800463 /* Sources */,
				6386E27328EE798C00800463 /* Frameworks */,
				6386E27428EE798C00800463 /* Resources */,
			);
			buildRules = (
			);
			dependencies = (
			);
			name = LearningTab;
			productName = LearningTab;
			productReference = 6386E27628EE798C00800463 /* LearningTab.app */;
			productType = "com.apple.product-type.application";
		};
/* End PBXNativeTarget section */

/* Begin PBXProject section */
		6386E26E28EE798C00800463 /* Project object */ = {
			isa = PBXProject;
			attributes = {
				BuildIndependentTargetsInParallel = 1;
				LastSwiftUpdateCheck = 1400;
				LastUpgradeCheck = 1400;
				TargetAttributes = {
					6386E27528EE798C00800463 = {
						CreatedOnToolsVersion = 14.0.1;
					};
				};
			};
			buildConfigurationList = 6386E27128EE798C00800463 /* Build configuration list for PBXProject "LearningTab" */;
			compatibilityVersion = "Xcode 14.0";
			developmentRegion = en;
			hasScannedForEncodings = 0;
			knownRegions = (
				en,
				Base,
			);
			mainGroup = 6386E26D28EE798C00800463;
			productRefGroup = 6386E27728EE798C00800463 /* Products */;
			projectDirPath = "";
			projectRoot = "";
			targets = (
				6386E27528EE798C00800463 /* LearningTab */,
			);
		};
/* End PBXProject section */

/* Begin PBXResourcesBuildPhase section */
		6386E27428EE798C00800463 /* Resources */ = {
			isa = PBXResourcesBuildPhase;
			buildActionMask = 2147483647;
			files = (
				6386E28128EE798D00800463 /* Preview Assets.xcassets in Resources */,
				6386E27E28EE798D00800463 /* Assets.xcassets in Resources */,
			);
			runOnlyForDeploymentPostprocessing = 0;
		};
/* End PBXResourcesBuildPhase section */

/* Begin PBXSourcesBuildPhase section */
		6386E27228EE798C00800463 /* Sources */ = {
			isa = PBXSourcesBuildPhase;
			buildActionMask = 2147483647;
			files = (
				631A573828F5214700D81465 /* Checklist.swift in Sources */,
				6386E28828F284E800800463 /* PopUpView.swift in Sources */,
				6386E27C28EE798C00800463 /* ContentView.swift in Sources */,
				6386E27A28EE798C00800463 /* LearningTabApp.swift in Sources */,
				631A573628F520EE00D81465 /* ChecklistDocument.swift in Sources */,
				631A573A28F522F600D81465 /* ChecklistRow.swift in Sources */,
				631A573C28F9189F00D81465 /* UserDefaultManager.swift in Sources */,
			);
			runOnlyForDeploymentPostprocessing = 0;
		};
/* End PBXSourcesBuildPhase section */

/* Begin XCBuildConfiguration section */
		6386E28228EE798D00800463 /* Debug */ = {
			isa = XCBuildConfiguration;
			buildSettings = {
				ALWAYS_SEARCH_USER_PATHS = NO;
				CLANG_ANALYZER_NONNULL = YES;
				CLANG_ANALYZER_NUMBER_OBJECT_CONVERSION = YES_AGGRESSIVE;
				CLANG_CXX_LANGUAGE_STANDARD = "gnu++20";
				CLANG_ENABLE_MODULES = YES;
				CLANG_ENABLE_OBJC_ARC = YES;
				CLANG_ENABLE_OBJC_WEAK = YES;
				CLANG_WARN_BLOCK_CAPTURE_AUTORELEASING = YES;
				CLANG_WARN_BOOL_CONVERSION = YES;
				CLANG_WARN_COMMA = YES;
				CLANG_WARN_CONSTANT_CONVERSION = YES;
				CLANG_WARN_DEPRECATED_OBJC_IMPLEMENTATIONS = YES;
				CLANG_WARN_DIRECT_OBJC_ISA_USAGE = YES_ERROR;
				CLANG_WARN_DOCUMENTATION_COMMENTS = YES;
				CLANG_WARN_EMPTY_BODY = YES;
				CLANG_WARN_ENUM_CONVERSION = YES;
				CLANG_WARN_INFINITE_RECURSION = YES;
				CLANG_WARN_INT_CONVERSION = YES;
				CLANG_WARN_NON_LITERAL_NULL_CONVERSION = YES;
				CLANG_WARN_OBJC_IMPLICIT_RETAIN_SELF = YES;
				CLANG_WARN_OBJC_LITERAL_CONVERSION = YES;
				CLANG_WARN_OBJC_ROOT_CLASS = YES_ERROR;
				CLANG_WARN_QUOTED_INCLUDE_IN_FRAMEWORK_HEADER = YES;
				CLANG_WARN_RANGE_LOOP_ANALYSIS = YES;
				CLANG_WARN_STRICT_PROTOTYPES = YES;
				CLANG_WARN_SUSPICIOUS_MOVE = YES;
				CLANG_WARN_UNGUARDED_AVAILABILITY = YES_AGGRESSIVE;
				CLANG_WARN_UNREACHABLE_CODE = YES;
				CLANG_WARN__DUPLICATE_METHOD_MATCH = YES;
				COPY_PHASE_STRIP = NO;
				DEBUG_INFORMATION_FORMAT = dwarf;
				ENABLE_STRICT_OBJC_MSGSEND = YES;
				ENABLE_TESTABILITY = YES;
				GCC_C_LANGUAGE_STANDARD = gnu11;
				GCC_DYNAMIC_NO_PIC = NO;
				GCC_NO_COMMON_BLOCKS = YES;
				GCC_OPTIMIZATION_LEVEL = 0;
				GCC_PREPROCESSOR_DEFINITIONS = (
					"DEBUG=1",
					"$(inherited)",
				);
				GCC_WARN_64_TO_32_BIT_CONVERSION = YES;
				GCC_WARN_ABOUT_RETURN_TYPE = YES_ERROR;
				GCC_WARN_UNDECLARED_SELECTOR = YES;
				GCC_WARN_UNINITIALIZED_AUTOS = YES_AGGRESSIVE;
				GCC_WARN_UNUSED_FUNCTION = YES;
				GCC_WARN_UNUSED_VARIABLE = YES;
				IPHONEOS_DEPLOYMENT_TARGET = 16.0;
				MTL_ENABLE_DEBUG_INFO = INCLUDE_SOURCE;
				MTL_FAST_MATH = YES;
				ONLY_ACTIVE_ARCH = YES;
				SDKROOT = iphoneos;
				SWIFT_ACTIVE_COMPILATION_CONDITIONS = DEBUG;
				SWIFT_OPTIMIZATION_LEVEL = "-Onone";
			};
			name = Debug;
		};
		6386E28328EE798D00800463 /* Release */ = {
			isa = XCBuildConfiguration;
			buildSettings = {
				ALWAYS_SEARCH_USER_PATHS = NO;
				CLANG_ANALYZER_NONNULL = YES;
				CLANG_ANALYZER_NUMBER_OBJECT_CONVERSION = YES_AGGRESSIVE;
				CLANG_CXX_LANGUAGE_STANDARD = "gnu++20";
				CLANG_ENABLE_MODULES = YES;
				CLANG_ENABLE_OBJC_ARC = YES;
				CLANG_ENABLE_OBJC_WEAK = YES;
				CLANG_WARN_BLOCK_CAPTURE_AUTORELEASING = YES;
				CLANG_WARN_BOOL_CONVERSION = YES;
				CLANG_WARN_COMMA = YES;
				CLANG_WARN_CONSTANT_CONVERSION = YES;
				CLANG_WARN_DEPRECATED_OBJC_IMPLEMENTATIONS = YES;
				CLANG_WARN_DIRECT_OBJC_ISA_USAGE = YES_ERROR;
				CLANG_WARN_DOCUMENTATION_COMMENTS = YES;
				CLANG_WARN_EMPTY_BODY = YES;
				CLANG_WARN_ENUM_CONVERSION = YES;
				CLANG_WARN_INFINITE_RECURSION = YES;
				CLANG_WARN_INT_CONVERSION = YES;
				CLANG_WARN_NON_LITERAL_NULL_CONVERSION = YES;
				CLANG_WARN_OBJC_IMPLICIT_RETAIN_SELF = YES;
				CLANG_WARN_OBJC_LITERAL_CONVERSION = YES;
				CLANG_WARN_OBJC_ROOT_CLASS = YES_ERROR;
				CLANG_WARN_QUOTED_INCLUDE_IN_FRAMEWORK_HEADER = YES;
				CLANG_WARN_RANGE_LOOP_ANALYSIS = YES;
				CLANG_WARN_STRICT_PROTOTYPES = YES;
				CLANG_WARN_SUSPICIOUS_MOVE = YES;
				CLANG_WARN_UNGUARDED_AVAILABILITY = YES_AGGRESSIVE;
				CLANG_WARN_UNREACHABLE_CODE = YES;
				CLANG_WARN__DUPLICATE_METHOD_MATCH = YES;
				COPY_PHASE_STRIP = NO;
				DEBUG_INFORMATION_FORMAT = "dwarf-with-dsym";
				ENABLE_NS_ASSERTIONS = NO;
				ENABLE_STRICT_OBJC_MSGSEND = YES;
				GCC_C_LANGUAGE_STANDARD = gnu11;
				GCC_NO_COMMON_BLOCKS = YES;
				GCC_WARN_64_TO_32_BIT_CONVERSION = YES;
				GCC_WARN_ABOUT_RETURN_TYPE = YES_ERROR;
				GCC_WARN_UNDECLARED_SELECTOR = YES;
				GCC_WARN_UNINITIALIZED_AUTOS = YES_AGGRESSIVE;
				GCC_WARN_UNUSED_FUNCTION = YES;
				GCC_WARN_UNUSED_VARIABLE = YES;
				IPHONEOS_DEPLOYMENT_TARGET = 16.0;
				MTL_ENABLE_DEBUG_INFO = NO;
				MTL_FAST_MATH = YES;
				SDKROOT = iphoneos;
				SWIFT_COMPILATION_MODE = wholemodule;
				SWIFT_OPTIMIZATION_LEVEL = "-O";
				VALIDATE_PRODUCT = YES;
			};
			name = Release;
		};
		6386E28528EE798D00800463 /* Debug */ = {
			isa = XCBuildConfiguration;
			buildSettings = {
				ASSETCATALOG_COMPILER_APPICON_NAME = AppIcon;
				ASSETCATALOG_COMPILER_GLOBAL_ACCENT_COLOR_NAME = AccentColor;
				CODE_SIGN_STYLE = Automatic;
				CURRENT_PROJECT_VERSION = 1;
				DEVELOPMENT_ASSET_PATHS = "\"LearningTab/Preview Content\"";
				DEVELOPMENT_TEAM = D4ZZ55KH56;
				ENABLE_PREVIEWS = YES;
				GENERATE_INFOPLIST_FILE = YES;
				INFOPLIST_KEY_UIApplicationSceneManifest_Generation = YES;
				INFOPLIST_KEY_UIApplicationSupportsIndirectInputEvents = YES;
				INFOPLIST_KEY_UILaunchScreen_Generation = YES;
				INFOPLIST_KEY_UISupportedInterfaceOrientations_iPad = "UIInterfaceOrientationPortrait UIInterfaceOrientationPortraitUpsideDown UIInterfaceOrientationLandscapeLeft UIInterfaceOrientationLandscapeRight";
				INFOPLIST_KEY_UISupportedInterfaceOrientations_iPhone = "UIInterfaceOrientationPortrait UIInterfaceOrientationLandscapeLeft UIInterfaceOrientationLandscapeRight";
				LD_RUNPATH_SEARCH_PATHS = (
					"$(inherited)",
					"@executable_path/Frameworks",
				);
				MARKETING_VERSION = 1.0;
				PRODUCT_BUNDLE_IDENTIFIER = Example.LearningTab;
				PRODUCT_NAME = "$(TARGET_NAME)";
				SWIFT_EMIT_LOC_STRINGS = YES;
				SWIFT_VERSION = 5.0;
				TARGETED_DEVICE_FAMILY = "1,2";
			};
			name = Debug;
		};
		6386E28628EE798D00800463 /* Release */ = {
			isa = XCBuildConfiguration;
			buildSettings = {
				ASSETCATALOG_COMPILER_APPICON_NAME = AppIcon;
				ASSETCATALOG_COMPILER_GLOBAL_ACCENT_COLOR_NAME = AccentColor;
				CODE_SIGN_STYLE = Automatic;
				CURRENT_PROJECT_VERSION = 1;
				DEVELOPMENT_ASSET_PATHS = "\"LearningTab/Preview Content\"";
				DEVELOPMENT_TEAM = D4ZZ55KH56;
				ENABLE_PREVIEWS = YES;
				GENERATE_INFOPLIST_FILE = YES;
				INFOPLIST_KEY_UIApplicationSceneManifest_Generation = YES;
				INFOPLIST_KEY_UIApplicationSupportsIndirectInputEvents = YES;
				INFOPLIST_KEY_UILaunchScreen_Generation = YES;
				INFOPLIST_KEY_UISupportedInterfaceOrientations_iPad = "UIInterfaceOrientationPortrait UIInterfaceOrientationPortraitUpsideDown UIInterfaceOrientationLandscapeLeft UIInterfaceOrientationLandscapeRight";
				INFOPLIST_KEY_UISupportedInterfaceOrientations_iPhone = "UIInterfaceOrientationPortrait UIInterfaceOrientationLandscapeLeft UIInterfaceOrientationLandscapeRight";
				LD_RUNPATH_SEARCH_PATHS = (
					"$(inherited)",
					"@executable_path/Frameworks",
				);
				MARKETING_VERSION = 1.0;
				PRODUCT_BUNDLE_IDENTIFIER = Example.LearningTab;
				PRODUCT_NAME = "$(TARGET_NAME)";
				SWIFT_EMIT_LOC_STRINGS = YES;
				SWIFT_VERSION = 5.0;
				TARGETED_DEVICE_FAMILY = "1,2";
			};
			name = Release;
		};
/* End XCBuildConfiguration section */

/* Begin XCConfigurationList section */
		6386E27128EE798C00800463 /* Build configuration list for PBXProject "LearningTab" */ = {
			isa = XCConfigurationList;
			buildConfigurations = (
				6386E28228EE798D00800463 /* Debug */,
				6386E28328EE798D00800463 /* Release */,
			);
			defaultConfigurationIsVisible = 0;
			defaultConfigurationName = Release;
		};
		6386E28428EE798D00800463 /* Build configuration list for PBXNativeTarget "LearningTab" */ = {
			isa = XCConfigurationList;
			buildConfigurations = (
				6386E28528EE798D00800463 /* Debug */,
				6386E28628EE798D00800463 /* Release */,
			);
			defaultConfigurationIsVisible = 0;
			defaultConfigurationName = Release;
		};
/* End XCConfigurationList section */
	};
	rootObject = 6386E26E28EE798C00800463 /* Project object */;
}
